
Microsoft Visual Studio Solution File, Format Version 11.00
# Visual Studio 2010
Project("{8BC9CEB8-8B4A-11D0-8D11-00A0C91BC942}") = "Testes01", "Testes01\Testes01.vcxproj", "{DE8E9B56-BD5A-4011-B9B4-B73993AD1870}"
EndProject
Global
	GlobalSection(SolutionConfigurationPlatforms) = preSolution
		Debug|Win32 = Debug|Win32
		Release|Win32 = Release|Win32
	EndGlobalSection
	GlobalSection(ProjectConfigurationPlatforms) = postSolution
		{DE8E9B56-BD5A-4011-B9B4-B73993AD1870}.Debug|Win32.ActiveCfg = Debug|Win32
		{DE8E9B56-BD5A-4011-B9B4-B73993AD1870}.Debug|Win32.Build.0 = Debug|Win32
		{DE8E9B56-BD5A-4011-B9B4-B73993AD1870}.Release|Win32.ActiveCfg = Release|Win32
		{DE8E9B56-BD5A-4011-B9B4-B73993AD1870}.Release|Win32.Build.0 = Release|Win32
	EndGlobalSection
	GlobalSection(SolutionProperties) = preSolution
		HideSolutionNode = FALSE
	EndGlobalSection
EndGlobal
